# This file is automatically @generated by Cargo.
# It is not intended for manual editing.
version = 4

[[package]]
name = "modelswarm-bench"
version = "0.1.0"

[[package]]
name = "modelswarm-desktop"
version = "0.1.0"

[[package]]
name = "modelswarm-eligibility"
version = "0.1.0"

[[package]]
name = "modelswarm-gateway"
version = "0.1.0"

[[package]]
name = "modelswarm-identity"
version = "0.1.0"

[[package]]
name = "modelswarm-node"
version = "0.1.0"
dependencies = [
 "modelswarm-types",
]

[[package]]
name = "modelswarm-runtime"
version = "0.1.0"

[[package]]
name = "modelswarm-scheduler"
version = "0.1.0"

[[package]]
name = "modelswarm-session"
version = "0.1.0"

[[package]]
name = "modelswarm-speculation"
version = "0.1.0"

[[package]]
name = "modelswarm-store"
version = "0.1.0"

[[package]]
name = "modelswarm-telemetry"
version = "0.1.0"

[[package]]
name = "modelswarm-tracker-api"
version = "0.1.0"

[[package]]
name = "modelswarm-transport"
version = "0.1.0"

[[package]]
name = "modelswarm-types"
version = "0.1.0"
