# This file is automatically @generated by Cargo.
# It is not intended for manual editing.
version = 4

[[package]]
name = "modelswarm-desktop"
version = "0.1.0"

[[package]]
name = "modelswarm-node"
version = "0.1.0"
dependencies = [
 "ms-core",
]

[[package]]
name = "modelswarm-sim"
version = "0.1.0"

[[package]]
name = "ms-catalog"
version = "0.1.0"

[[package]]
name = "ms-core"
version = "0.1.0"

[[package]]
name = "ms-crypto"
version = "0.1.0"

[[package]]
name = "ms-gateway"
version = "0.1.0"

[[package]]
name = "ms-p2p"
version = "0.1.0"

[[package]]
name = "ms-runtime"
version = "0.1.0"

[[package]]
name = "ms-scheduler"
version = "0.1.0"

[[package]]
name = "ms-store"
version = "0.1.0"

[[package]]
name = "ms-telemetry"
version = "0.1.0"
